// !$*UTF8*$!
{
	archiveVersion = 1;
	classes = {
	};
	objectVersion = 77;
	objects = {

/* Begin PBXBuildFile section */
		094DB43E2DD8E9E800E0F4A7 /* TabbarController.swift in Sources */ = {isa = PBXBuildFile; fileRef = 094DB43D2DD8E9D000E0F4A7 /* TabbarController.swift */; };
		094DB4422DD8F93700E0F4A7 /* UIImage+.swift in Sources */ = {isa = PBXBuildFile; fileRef = 094DB4412DD8F93200E0F4A7 /* UIImage+.swift */; };
		331424A02DD7A10600EBDBDB /* Assets.xcassets in Resources */ = {isa = PBXBuildFile; fileRef = 331424992DD7A10600EBDBDB /* Assets.xcassets */; };
		331424A22DD7A10600EBDBDB /* LaunchScreen.storyboard in Resources */ = {isa = PBXBuildFile; fileRef = 3314249C2DD7A10600EBDBDB /* LaunchScreen.storyboard */; };
		331424A32DD7A10600EBDBDB /* AppDelegate.swift in Sources */ = {isa = PBXBuildFile; fileRef = 331424982DD7A10600EBDBDB /* AppDelegate.swift */; };
		331424A42DD7A10600EBDBDB /* SceneDelegate.swift in Sources */ = {isa = PBXBuildFile; fileRef = 3314249D2DD7A10600EBDBDB /* SceneDelegate.swift */; };
		331424A52DD7A10600EBDBDB /* HomeViewController.swift in Sources */ = {isa = PBXBuildFile; fileRef = 3314249E2DD7A10600EBDBDB /* HomeViewController.swift */; };
		331424B82DD7A39E00EBDBDB /* UIView+.swift in Sources */ = {isa = PBXBuildFile; fileRef = 331424B72DD7A39700EBDBDB /* UIView+.swift */; };
		331424BA2DD7A3E600EBDBDB /* UITableViewCell+.swift in Sources */ = {isa = PBXBuildFile; fileRef = 331424B92DD7A3E400EBDBDB /* UITableViewCell+.swift */; };
		331424BC2DD7A41B00EBDBDB /* UIStackView+.swift in Sources */ = {isa = PBXBuildFile; fileRef = 331424BB2DD7A41500EBDBDB /* UIStackView+.swift */; };
		331424BE2DD7A45500EBDBDB /* UICollectionViewCell+.swift in Sources */ = {isa = PBXBuildFile; fileRef = 331424BD2DD7A44900EBDBDB /* UICollectionViewCell+.swift */; };
		331424C02DD7A4F400EBDBDB /* UIFont+.swift in Sources */ = {isa = PBXBuildFile; fileRef = 331424BF2DD7A4E600EBDBDB /* UIFont+.swift */; };
		331424C42DD7A63800EBDBDB /* Pretendard-Regular.otf in Resources */ = {isa = PBXBuildFile; fileRef = 331424C32DD7A63800EBDBDB /* Pretendard-Regular.otf */; };
		331424C62DD7A67600EBDBDB /* Pretendard-Medium.otf in Resources */ = {isa = PBXBuildFile; fileRef = 331424C52DD7A67600EBDBDB /* Pretendard-Medium.otf */; };
		331424C82DD7A67F00EBDBDB /* Pretendard-SemiBold.otf in Resources */ = {isa = PBXBuildFile; fileRef = 331424C72DD7A67F00EBDBDB /* Pretendard-SemiBold.otf */; };
		331424CA2DD7A68900EBDBDB /* Pretendard-Bold.otf in Resources */ = {isa = PBXBuildFile; fileRef = 331424C92DD7A68900EBDBDB /* Pretendard-Bold.otf */; };
		33D382B02DD81EC700F04C42 /* SnapKit in Frameworks */ = {isa = PBXBuildFile; productRef = 33D382AF2DD81EC700F04C42 /* SnapKit */; };
		33D382B32DD81ED300F04C42 /* Then in Frameworks */ = {isa = PBXBuildFile; productRef = 33D382B22DD81ED300F04C42 /* Then */; };
		E52EF4F52DD8DB1800812460 /* HomeView.swift in Sources */ = {isa = PBXBuildFile; fileRef = E52EF4F42DD8DB1800812460 /* HomeView.swift */; };
		E5B8BED52DD89C7300C6164C /* BaseUIViewController.swift in Sources */ = {isa = PBXBuildFile; fileRef = E5B8BED42DD89C7300C6164C /* BaseUIViewController.swift */; };
		E5B8BED72DD89C7A00C6164C /* BaseUIView.swift in Sources */ = {isa = PBXBuildFile; fileRef = E5B8BED62DD89C7A00C6164C /* BaseUIView.swift */; };
		E5B8BEED2DD89D1B00C6164C /* UIViewController+.swift in Sources */ = {isa = PBXBuildFile; fileRef = E5B8BEEC2DD89D1B00C6164C /* UIViewController+.swift */; };
		E5B8BEF52DD8C5D400C6164C /* MoyaLoggerPlugin.swift in Sources */ = {isa = PBXBuildFile; fileRef = E5B8BEF42DD8C5D400C6164C /* MoyaLoggerPlugin.swift */; };
		E5B8BEF82DD8C61500C6164C /* Moya in Frameworks */ = {isa = PBXBuildFile; productRef = E5B8BEF72DD8C61500C6164C /* Moya */; };
		E5B8BEFC2DD8C6D900C6164C /* BaseTargetType.swift in Sources */ = {isa = PBXBuildFile; fileRef = E5B8BEFB2DD8C6D900C6164C /* BaseTargetType.swift */; };
		E5B8BEFE2DD8C75300C6164C /* NetworkResult.swift in Sources */ = {isa = PBXBuildFile; fileRef = E5B8BEFD2DD8C75300C6164C /* NetworkResult.swift */; };
		E5B8BF002DD8C79500C6164C /* GenericResponse.swift in Sources */ = {isa = PBXBuildFile; fileRef = E5B8BEFF2DD8C79500C6164C /* GenericResponse.swift */; };
		E5B8BF022DD8C86B00C6164C /* HomeAPI.swift in Sources */ = {isa = PBXBuildFile; fileRef = E5B8BF012DD8C86B00C6164C /* HomeAPI.swift */; };
/* End PBXBuildFile section */

/* Begin PBXFileReference section */
		094DB43D2DD8E9D000E0F4A7 /* TabbarController.swift */ = {isa = PBXFileReference; lastKnownFileType = sourcecode.swift; path = TabbarController.swift; sourceTree = "<group>"; };
		094DB4412DD8F93200E0F4A7 /* UIImage+.swift */ = {isa = PBXFileReference; lastKnownFileType = sourcecode.swift; path = "UIImage+.swift"; sourceTree = "<group>"; };
		3314247C2DD79DC200EBDBDB /* 36-SOPKATHON-iOS-TEAM-3.app */ = {isa = PBXFileReference; explicitFileType = wrapper.application; includeInIndex = 0; path = "36-SOPKATHON-iOS-TEAM-3.app"; sourceTree = BUILT_PRODUCTS_DIR; };
		331424982DD7A10600EBDBDB /* AppDelegate.swift */ = {isa = PBXFileReference; lastKnownFileType = sourcecode.swift; path = AppDelegate.swift; sourceTree = "<group>"; };
		331424992DD7A10600EBDBDB /* Assets.xcassets */ = {isa = PBXFileReference; lastKnownFileType = folder.assetcatalog; path = Assets.xcassets; sourceTree = "<group>"; };
		3314249A2DD7A10600EBDBDB /* Info.plist */ = {isa = PBXFileReference; lastKnownFileType = text.plist.xml; path = Info.plist; sourceTree = "<group>"; };
		3314249B2DD7A10600EBDBDB /* Base */ = {isa = PBXFileReference; lastKnownFileType = file.storyboard; name = Base; path = Base.lproj/LaunchScreen.storyboard; sourceTree = "<group>"; };
		3314249D2DD7A10600EBDBDB /* SceneDelegate.swift */ = {isa = PBXFileReference; lastKnownFileType = sourcecode.swift; path = SceneDelegate.swift; sourceTree = "<group>"; };
		3314249E2DD7A10600EBDBDB /* HomeViewController.swift */ = {isa = PBXFileReference; lastKnownFileType = sourcecode.swift; path = HomeViewController.swift; sourceTree = "<group>"; };
		331424B72DD7A39700EBDBDB /* UIView+.swift */ = {isa = PBXFileReference; lastKnownFileType = sourcecode.swift; path = "UIView+.swift"; sourceTree = "<group>"; };
		331424B92DD7A3E400EBDBDB /* UITableViewCell+.swift */ = {isa = PBXFileReference; lastKnownFileType = sourcecode.swift; path = "UITableViewCell+.swift"; sourceTree = "<group>"; };
		331424BB2DD7A41500EBDBDB /* UIStackView+.swift */ = {isa = PBXFileReference; lastKnownFileType = sourcecode.swift; path = "UIStackView+.swift"; sourceTree = "<group>"; };
		331424BD2DD7A44900EBDBDB /* UICollectionViewCell+.swift */ = {isa = PBXFileReference; lastKnownFileType = sourcecode.swift; path = "UICollectionViewCell+.swift"; sourceTree = "<group>"; };
		331424BF2DD7A4E600EBDBDB /* UIFont+.swift */ = {isa = PBXFileReference; lastKnownFileType = sourcecode.swift; path = "UIFont+.swift"; sourceTree = "<group>"; };
		331424C32DD7A63800EBDBDB /* Pretendard-Regular.otf */ = {isa = PBXFileReference; lastKnownFileType = file; path = "Pretendard-Regular.otf"; sourceTree = "<group>"; };
		331424C52DD7A67600EBDBDB /* Pretendard-Medium.otf */ = {isa = PBXFileReference; lastKnownFileType = file; path = "Pretendard-Medium.otf"; sourceTree = "<group>"; };
		331424C72DD7A67F00EBDBDB /* Pretendard-SemiBold.otf */ = {isa = PBXFileReference; lastKnownFileType = file; path = "Pretendard-SemiBold.otf"; sourceTree = "<group>"; };
		331424C92DD7A68900EBDBDB /* Pretendard-Bold.otf */ = {isa = PBXFileReference; lastKnownFileType = file; path = "Pretendard-Bold.otf"; sourceTree = "<group>"; };
		E52EF4F42DD8DB1800812460 /* HomeView.swift */ = {isa = PBXFileReference; lastKnownFileType = sourcecode.swift; path = HomeView.swift; sourceTree = "<group>"; };
		E5B8BED42DD89C7300C6164C /* BaseUIViewController.swift */ = {isa = PBXFileReference; lastKnownFileType = sourcecode.swift; path = BaseUIViewController.swift; sourceTree = "<group>"; };
		E5B8BED62DD89C7A00C6164C /* BaseUIView.swift */ = {isa = PBXFileReference; lastKnownFileType = sourcecode.swift; path = BaseUIView.swift; sourceTree = "<group>"; };
		E5B8BEEC2DD89D1B00C6164C /* UIViewController+.swift */ = {isa = PBXFileReference; lastKnownFileType = sourcecode.swift; path = "UIViewController+.swift"; sourceTree = "<group>"; };
		E5B8BEF42DD8C5D400C6164C /* MoyaLoggerPlugin.swift */ = {isa = PBXFileReference; lastKnownFileType = sourcecode.swift; path = MoyaLoggerPlugin.swift; sourceTree = "<group>"; };
		E5B8BEFB2DD8C6D900C6164C /* BaseTargetType.swift */ = {isa = PBXFileReference; lastKnownFileType = sourcecode.swift; path = BaseTargetType.swift; sourceTree = "<group>"; };
		E5B8BEFD2DD8C75300C6164C /* NetworkResult.swift */ = {isa = PBXFileReference; lastKnownFileType = sourcecode.swift; path = NetworkResult.swift; sourceTree = "<group>"; };
		E5B8BEFF2DD8C79500C6164C /* GenericResponse.swift */ = {isa = PBXFileReference; lastKnownFileType = sourcecode.swift; path = GenericResponse.swift; sourceTree = "<group>"; };
		E5B8BF012DD8C86B00C6164C /* HomeAPI.swift */ = {isa = PBXFileReference; lastKnownFileType = sourcecode.swift; path = HomeAPI.swift; sourceTree = "<group>"; };
/* End PBXFileReference section */

/* Begin PBXFrameworksBuildPhase section */
		331424792DD79DC200EBDBDB /* Frameworks */ = {
			isa = PBXFrameworksBuildPhase;
			buildActionMask = 2147483647;
			files = (
				33D382B02DD81EC700F04C42 /* SnapKit in Frameworks */,
				33D382B32DD81ED300F04C42 /* Then in Frameworks */,
				E5B8BEF82DD8C61500C6164C /* Moya in Frameworks */,
			);
			runOnlyForDeploymentPostprocessing = 0;
		};
/* End PBXFrameworksBuildPhase section */

/* Begin PBXGroup section */
		331424732DD79DC200EBDBDB = {
			isa = PBXGroup;
			children = (
				3314249F2DD7A10600EBDBDB /* 36-SOPKATHON-iOS-TEAM-3 */,
				3314247D2DD79DC200EBDBDB /* Products */,
			);
			sourceTree = "<group>";
		};
		3314247D2DD79DC200EBDBDB /* Products */ = {
			isa = PBXGroup;
			children = (
				3314247C2DD79DC200EBDBDB /* 36-SOPKATHON-iOS-TEAM-3.app */,
			);
			name = Products;
			sourceTree = "<group>";
		};
		3314249F2DD7A10600EBDBDB /* 36-SOPKATHON-iOS-TEAM-3 */ = {
			isa = PBXGroup;
			children = (
				331424A62DD7A11000EBDBDB /* Application */,
				331424A72DD7A17200EBDBDB /* Global */,
				331424CB2DD7A79C00EBDBDB /* Network */,
				331424CE2DD7A7CC00EBDBDB /* Presentation */,
			);
			path = "36-SOPKATHON-iOS-TEAM-3";
			sourceTree = "<group>";
		};
		331424A62DD7A11000EBDBDB /* Application */ = {
			isa = PBXGroup;
			children = (
				331424982DD7A10600EBDBDB /* AppDelegate.swift */,
				3314249D2DD7A10600EBDBDB /* SceneDelegate.swift */,
				3314249A2DD7A10600EBDBDB /* Info.plist */,
				3314249C2DD7A10600EBDBDB /* LaunchScreen.storyboard */,
			);
			path = Application;
			sourceTree = "<group>";
		};
		331424A72DD7A17200EBDBDB /* Global */ = {
			isa = PBXGroup;
			children = (
				E5B8BED32DD89C6100C6164C /* Base */,
				331424A92DD7A19000EBDBDB /* Components */,
				331424AA2DD7A19B00EBDBDB /* Extensions */,
				331424C12DD7A56A00EBDBDB /* Resources */,
			);
			path = Global;
			sourceTree = "<group>";
		};
		331424A92DD7A19000EBDBDB /* Components */ = {
			isa = PBXGroup;
			children = (
				094DB43D2DD8E9D000E0F4A7 /* TabbarController.swift */,
			);
			path = Components;
			sourceTree = "<group>";
		};
		331424AA2DD7A19B00EBDBDB /* Extensions */ = {
			isa = PBXGroup;
			children = (
				094DB4412DD8F93200E0F4A7 /* UIImage+.swift */,
				331424B72DD7A39700EBDBDB /* UIView+.swift */,
				331424BB2DD7A41500EBDBDB /* UIStackView+.swift */,
				331424B92DD7A3E400EBDBDB /* UITableViewCell+.swift */,
				331424BD2DD7A44900EBDBDB /* UICollectionViewCell+.swift */,
				331424BF2DD7A4E600EBDBDB /* UIFont+.swift */,
				E5B8BEEC2DD89D1B00C6164C /* UIViewController+.swift */,
			);
			path = Extensions;
			sourceTree = "<group>";
		};
		331424C12DD7A56A00EBDBDB /* Resources */ = {
			isa = PBXGroup;
			children = (
				331424C22DD7A5ED00EBDBDB /* Fonts */,
				331424992DD7A10600EBDBDB /* Assets.xcassets */,
			);
			path = Resources;
			sourceTree = "<group>";
		};
		331424C22DD7A5ED00EBDBDB /* Fonts */ = {
			isa = PBXGroup;
			children = (
				331424C32DD7A63800EBDBDB /* Pretendard-Regular.otf */,
				331424C52DD7A67600EBDBDB /* Pretendard-Medium.otf */,
				331424C72DD7A67F00EBDBDB /* Pretendard-SemiBold.otf */,
				331424C92DD7A68900EBDBDB /* Pretendard-Bold.otf */,
			);
			path = Fonts;
			sourceTree = "<group>";
		};
		331424CB2DD7A79C00EBDBDB /* Network */ = {
			isa = PBXGroup;
			children = (
				E5B8BEF22DD8C5B700C6164C /* API */,
				E5B8BEF12DD8C5B200C6164C /* Common */,
				E5B8BEF32DD8C5C000C6164C /* DTO */,
			);
			path = Network;
			sourceTree = "<group>";
		};
		331424CE2DD7A7CC00EBDBDB /* Presentation */ = {
			isa = PBXGroup;
			children = (
				331424CF2DD7A84200EBDBDB /* Home */,
			);
			path = Presentation;
			sourceTree = "<group>";
		};
		331424CF2DD7A84200EBDBDB /* Home */ = {
			isa = PBXGroup;
			children = (
				331424D02DD7A85600EBDBDB /* Model */,
				331424D12DD7A85D00EBDBDB /* View */,
				331424D22DD7A86300EBDBDB /* ViewController */,
			);
			path = Home;
			sourceTree = "<group>";
		};
		331424D02DD7A85600EBDBDB /* Model */ = {
			isa = PBXGroup;
			children = (
			);
			path = Model;
			sourceTree = "<group>";
		};
		331424D12DD7A85D00EBDBDB /* View */ = {
			isa = PBXGroup;
			children = (
				E52EF4F42DD8DB1800812460 /* HomeView.swift */,
			);
			path = View;
			sourceTree = "<group>";
		};
		331424D22DD7A86300EBDBDB /* ViewController */ = {
			isa = PBXGroup;
			children = (
				3314249E2DD7A10600EBDBDB /* HomeViewController.swift */,
			);
			path = ViewController;
			sourceTree = "<group>";
		};
		E5B8BED32DD89C6100C6164C /* Base */ = {
			isa = PBXGroup;
			children = (
				E5B8BED42DD89C7300C6164C /* BaseUIViewController.swift */,
				E5B8BED62DD89C7A00C6164C /* BaseUIView.swift */,
			);
			path = Base;
			sourceTree = "<group>";
		};
		E5B8BEF12DD8C5B200C6164C /* Common */ = {
			isa = PBXGroup;
			children = (
				E5B8BEF92DD8C63B00C6164C /* Foundation */,
				E5B8BEF42DD8C5D400C6164C /* MoyaLoggerPlugin.swift */,
			);
			path = Common;
			sourceTree = "<group>";
		};
		E5B8BEF22DD8C5B700C6164C /* API */ = {
			isa = PBXGroup;
			children = (
				E5B8BF012DD8C86B00C6164C /* HomeAPI.swift */,
			);
			path = API;
			sourceTree = "<group>";
		};
		E5B8BEF32DD8C5C000C6164C /* DTO */ = {
			isa = PBXGroup;
			children = (
			);
			path = DTO;
			sourceTree = "<group>";
		};
		E5B8BEF92DD8C63B00C6164C /* Foundation */ = {
			isa = PBXGroup;
			children = (
				E5B8BEFB2DD8C6D900C6164C /* BaseTargetType.swift */,
				E5B8BEFD2DD8C75300C6164C /* NetworkResult.swift */,
				E5B8BEFF2DD8C79500C6164C /* GenericResponse.swift */,
			);
			path = Foundation;
			sourceTree = "<group>";
		};
/* End PBXGroup section */

/* Begin PBXNativeTarget section */
		3314247B2DD79DC200EBDBDB /* 36-SOPKATHON-iOS-TEAM-3 */ = {
			isa = PBXNativeTarget;
			buildConfigurationList = 3314248F2DD79DC500EBDBDB /* Build configuration list for PBXNativeTarget "36-SOPKATHON-iOS-TEAM-3" */;
			buildPhases = (
				331424782DD79DC200EBDBDB /* Sources */,
				331424792DD79DC200EBDBDB /* Frameworks */,
				3314247A2DD79DC200EBDBDB /* Resources */,
			);
			buildRules = (
			);
			dependencies = (
			);
			name = "36-SOPKATHON-iOS-TEAM-3";
			packageProductDependencies = (
				33D382AF2DD81EC700F04C42 /* SnapKit */,
				33D382B22DD81ED300F04C42 /* Then */,
				E5B8BEF72DD8C61500C6164C /* Moya */,
			);
			productName = "36-SOPKATHON-iOS-TEAM-3";
			productReference = 3314247C2DD79DC200EBDBDB /* 36-SOPKATHON-iOS-TEAM-3.app */;
			productType = "com.apple.product-type.application";
		};
/* End PBXNativeTarget section */

/* Begin PBXProject section */
		331424742DD79DC200EBDBDB /* Project object */ = {
			isa = PBXProject;
			attributes = {
				BuildIndependentTargetsInParallel = 1;
				LastSwiftUpdateCheck = 1630;
				LastUpgradeCheck = 1630;
				TargetAttributes = {
					3314247B2DD79DC200EBDBDB = {
						CreatedOnToolsVersion = 16.3;
					};
				};
			};
			buildConfigurationList = 331424772DD79DC200EBDBDB /* Build configuration list for PBXProject "36-SOPKATHON-iOS-TEAM-3" */;
			developmentRegion = en;
			hasScannedForEncodings = 0;
			knownRegions = (
				en,
				Base,
			);
			mainGroup = 331424732DD79DC200EBDBDB;
			minimizedProjectReferenceProxies = 1;
			packageReferences = (
				33D382AE2DD81EC700F04C42 /* XCRemoteSwiftPackageReference "SnapKit" */,
				33D382B12DD81ED300F04C42 /* XCRemoteSwiftPackageReference "Then" */,
				E5B8BEF62DD8C61500C6164C /* XCRemoteSwiftPackageReference "Moya" */,
			);
			preferredProjectObjectVersion = 77;
			productRefGroup = 3314247D2DD79DC200EBDBDB /* Products */;
			projectDirPath = "";
			projectRoot = "";
			targets = (
				3314247B2DD79DC200EBDBDB /* 36-SOPKATHON-iOS-TEAM-3 */,
			);
		};
/* End PBXProject section */

/* Begin PBXResourcesBuildPhase section */
		3314247A2DD79DC200EBDBDB /* Resources */ = {
			isa = PBXResourcesBuildPhase;
			buildActionMask = 2147483647;
			files = (
				331424A02DD7A10600EBDBDB /* Assets.xcassets in Resources */,
				331424CA2DD7A68900EBDBDB /* Pretendard-Bold.otf in Resources */,
				331424C42DD7A63800EBDBDB /* Pretendard-Regular.otf in Resources */,
				331424C82DD7A67F00EBDBDB /* Pretendard-SemiBold.otf in Resources */,
				331424A22DD7A10600EBDBDB /* LaunchScreen.storyboard in Resources */,
				331424C62DD7A67600EBDBDB /* Pretendard-Medium.otf in Resources */,
			);
			runOnlyForDeploymentPostprocessing = 0;
		};
/* End PBXResourcesBuildPhase section */

/* Begin PBXSourcesBuildPhase section */
		331424782DD79DC200EBDBDB /* Sources */ = {
			isa = PBXSourcesBuildPhase;
			buildActionMask = 2147483647;
			files = (
				E5B8BF002DD8C79500C6164C /* GenericResponse.swift in Sources */,
				331424C02DD7A4F400EBDBDB /* UIFont+.swift in Sources */,
				331424A32DD7A10600EBDBDB /* AppDelegate.swift in Sources */,
				331424BE2DD7A45500EBDBDB /* UICollectionViewCell+.swift in Sources */,
				331424BA2DD7A3E600EBDBDB /* UITableViewCell+.swift in Sources */,
				E52EF4F52DD8DB1800812460 /* HomeView.swift in Sources */,
				331424A42DD7A10600EBDBDB /* SceneDelegate.swift in Sources */,
				094DB43E2DD8E9E800E0F4A7 /* TabbarController.swift in Sources */,
				E5B8BEFC2DD8C6D900C6164C /* BaseTargetType.swift in Sources */,
				E5B8BED72DD89C7A00C6164C /* BaseUIView.swift in Sources */,
				331424BC2DD7A41B00EBDBDB /* UIStackView+.swift in Sources */,
				E5B8BED52DD89C7300C6164C /* BaseUIViewController.swift in Sources */,
				E5B8BEED2DD89D1B00C6164C /* UIViewController+.swift in Sources */,
				E5B8BF022DD8C86B00C6164C /* HomeAPI.swift in Sources */,
				331424B82DD7A39E00EBDBDB /* UIView+.swift in Sources */,
				E5B8BEF52DD8C5D400C6164C /* MoyaLoggerPlugin.swift in Sources */,
				331424A52DD7A10600EBDBDB /* HomeViewController.swift in Sources */,
				E5B8BEFE2DD8C75300C6164C /* NetworkResult.swift in Sources */,
				094DB4422DD8F93700E0F4A7 /* UIImage+.swift in Sources */,
			);
			runOnlyForDeploymentPostprocessing = 0;
		};
/* End PBXSourcesBuildPhase section */

/* Begin PBXVariantGroup section */
		3314249C2DD7A10600EBDBDB /* LaunchScreen.storyboard */ = {
			isa = PBXVariantGroup;
			children = (
				3314249B2DD7A10600EBDBDB /* Base */,
			);
			name = LaunchScreen.storyboard;
			sourceTree = "<group>";
		};
/* End PBXVariantGroup section */

/* Begin XCBuildConfiguration section */
		331424902DD79DC500EBDBDB /* Debug */ = {
			isa = XCBuildConfiguration;
			buildSettings = {
				ASSETCATALOG_COMPILER_APPICON_NAME = AppIcon;
				ASSETCATALOG_COMPILER_GLOBAL_ACCENT_COLOR_NAME = AccentColor;
				CODE_SIGN_STYLE = Automatic;
				CURRENT_PROJECT_VERSION = 1;
				DEVELOPMENT_TEAM = C9XX799UJH;
				GENERATE_INFOPLIST_FILE = YES;
				INFOPLIST_FILE = "36-SOPKATHON-iOS-TEAM-3/Application/Info.plist";
				INFOPLIST_KEY_UIApplicationSupportsIndirectInputEvents = YES;
				INFOPLIST_KEY_UILaunchStoryboardName = LaunchScreen;
				INFOPLIST_KEY_UISupportedInterfaceOrientations_iPad = "UIInterfaceOrientationPortrait UIInterfaceOrientationPortraitUpsideDown UIInterfaceOrientationLandscapeLeft UIInterfaceOrientationLandscapeRight";
				INFOPLIST_KEY_UISupportedInterfaceOrientations_iPhone = "UIInterfaceOrientationPortrait UIInterfaceOrientationLandscapeLeft UIInterfaceOrientationLandscapeRight";
				IPHONEOS_DEPLOYMENT_TARGET = 17;
				LD_RUNPATH_SEARCH_PATHS = (
					"$(inherited)",
					"@executable_path/Frameworks",
				);
				MARKETING_VERSION = 1.0;
				PRODUCT_BUNDLE_IDENTIFIER = "com.nayeon.-6-SOPKATHON-iOS-TEAM-3";
				PRODUCT_NAME = "$(TARGET_NAME)";
				SWIFT_EMIT_LOC_STRINGS = YES;
				SWIFT_VERSION = 5.0;
				TARGETED_DEVICE_FAMILY = "1,2";
			};
			name = Debug;
		};
		331424912DD79DC500EBDBDB /* Release */ = {
			isa = XCBuildConfiguration;
			buildSettings = {
				ASSETCATALOG_COMPILER_APPICON_NAME = AppIcon;
				ASSETCATALOG_COMPILER_GLOBAL_ACCENT_COLOR_NAME = AccentColor;
				CODE_SIGN_STYLE = Automatic;
				CURRENT_PROJECT_VERSION = 1;
				DEVELOPMENT_TEAM = C9XX799UJH;
				GENERATE_INFOPLIST_FILE = YES;
				INFOPLIST_FILE = "36-SOPKATHON-iOS-TEAM-3/Application/Info.plist";
				INFOPLIST_KEY_UIApplicationSupportsIndirectInputEvents = YES;
				INFOPLIST_KEY_UILaunchStoryboardName = LaunchScreen;
				INFOPLIST_KEY_UISupportedInterfaceOrientations_iPad = "UIInterfaceOrientationPortrait UIInterfaceOrientationPortraitUpsideDown UIInterfaceOrientationLandscapeLeft UIInterfaceOrientationLandscapeRight";
				INFOPLIST_KEY_UISupportedInterfaceOrientations_iPhone = "UIInterfaceOrientationPortrait UIInterfaceOrientationLandscapeLeft UIInterfaceOrientationLandscapeRight";
				IPHONEOS_DEPLOYMENT_TARGET = 17;
				LD_RUNPATH_SEARCH_PATHS = (
					"$(inherited)",
					"@executable_path/Frameworks",
				);
				MARKETING_VERSION = 1.0;
				PRODUCT_BUNDLE_IDENTIFIER = "com.nayeon.-6-SOPKATHON-iOS-TEAM-3";
				PRODUCT_NAME = "$(TARGET_NAME)";
				SWIFT_EMIT_LOC_STRINGS = YES;
				SWIFT_VERSION = 5.0;
				TARGETED_DEVICE_FAMILY = "1,2";
			};
			name = Release;
		};
		331424922DD79DC500EBDBDB /* Debug */ = {
			isa = XCBuildConfiguration;
			buildSettings = {
				ALWAYS_SEARCH_USER_PATHS = NO;
				ASSETCATALOG_COMPILER_GENERATE_SWIFT_ASSET_SYMBOL_EXTENSIONS = YES;
				CLANG_ANALYZER_NONNULL = YES;
				CLANG_ANALYZER_NUMBER_OBJECT_CONVERSION = YES_AGGRESSIVE;
				CLANG_CXX_LANGUAGE_STANDARD = "gnu++20";
				CLANG_ENABLE_MODULES = YES;
				CLANG_ENABLE_OBJC_ARC = YES;
				CLANG_ENABLE_OBJC_WEAK = YES;
				CLANG_WARN_BLOCK_CAPTURE_AUTORELEASING = YES;
				CLANG_WARN_BOOL_CONVERSION = YES;
				CLANG_WARN_COMMA = YES;
				CLANG_WARN_CONSTANT_CONVERSION = YES;
				CLANG_WARN_DEPRECATED_OBJC_IMPLEMENTATIONS = YES;
				CLANG_WARN_DIRECT_OBJC_ISA_USAGE = YES_ERROR;
				CLANG_WARN_DOCUMENTATION_COMMENTS = YES;
				CLANG_WARN_EMPTY_BODY = YES;
				CLANG_WARN_ENUM_CONVERSION = YES;
				CLANG_WARN_INFINITE_RECURSION = YES;
				CLANG_WARN_INT_CONVERSION = YES;
				CLANG_WARN_NON_LITERAL_NULL_CONVERSION = YES;
				CLANG_WARN_OBJC_IMPLICIT_RETAIN_SELF = YES;
				CLANG_WARN_OBJC_LITERAL_CONVERSION = YES;
				CLANG_WARN_OBJC_ROOT_CLASS = YES_ERROR;
				CLANG_WARN_QUOTED_INCLUDE_IN_FRAMEWORK_HEADER = YES;
				CLANG_WARN_RANGE_LOOP_ANALYSIS = YES;
				CLANG_WARN_STRICT_PROTOTYPES = YES;
				CLANG_WARN_SUSPICIOUS_MOVE = YES;
				CLANG_WARN_UNGUARDED_AVAILABILITY = YES_AGGRESSIVE;
				CLANG_WARN_UNREACHABLE_CODE = YES;
				CLANG_WARN__DUPLICATE_METHOD_MATCH = YES;
				COPY_PHASE_STRIP = NO;
				DEBUG_INFORMATION_FORMAT = dwarf;
				ENABLE_STRICT_OBJC_MSGSEND = YES;
				ENABLE_TESTABILITY = YES;
				ENABLE_USER_SCRIPT_SANDBOXING = YES;
				GCC_C_LANGUAGE_STANDARD = gnu17;
				GCC_DYNAMIC_NO_PIC = NO;
				GCC_NO_COMMON_BLOCKS = YES;
				GCC_OPTIMIZATION_LEVEL = 0;
				GCC_PREPROCESSOR_DEFINITIONS = (
					"DEBUG=1",
					"$(inherited)",
				);
				GCC_WARN_64_TO_32_BIT_CONVERSION = YES;
				GCC_WARN_ABOUT_RETURN_TYPE = YES_ERROR;
				GCC_WARN_UNDECLARED_SELECTOR = YES;
				GCC_WARN_UNINITIALIZED_AUTOS = YES_AGGRESSIVE;
				GCC_WARN_UNUSED_FUNCTION = YES;
				GCC_WARN_UNUSED_VARIABLE = YES;
				IPHONEOS_DEPLOYMENT_TARGET = 18.4;
				LOCALIZATION_PREFERS_STRING_CATALOGS = YES;
				MTL_ENABLE_DEBUG_INFO = INCLUDE_SOURCE;
				MTL_FAST_MATH = YES;
				ONLY_ACTIVE_ARCH = YES;
				SDKROOT = iphoneos;
				SWIFT_ACTIVE_COMPILATION_CONDITIONS = "DEBUG $(inherited)";
				SWIFT_OPTIMIZATION_LEVEL = "-Onone";
			};
			name = Debug;
		};
		331424932DD79DC500EBDBDB /* Release */ = {
			isa = XCBuildConfiguration;
			buildSettings = {
				ALWAYS_SEARCH_USER_PATHS = NO;
				ASSETCATALOG_COMPILER_GENERATE_SWIFT_ASSET_SYMBOL_EXTENSIONS = YES;
				CLANG_ANALYZER_NONNULL = YES;
				CLANG_ANALYZER_NUMBER_OBJECT_CONVERSION = YES_AGGRESSIVE;
				CLANG_CXX_LANGUAGE_STANDARD = "gnu++20";
				CLANG_ENABLE_MODULES = YES;
				CLANG_ENABLE_OBJC_ARC = YES;
				CLANG_ENABLE_OBJC_WEAK = YES;
				CLANG_WARN_BLOCK_CAPTURE_AUTORELEASING = YES;
				CLANG_WARN_BOOL_CONVERSION = YES;
				CLANG_WARN_COMMA = YES;
				CLANG_WARN_CONSTANT_CONVERSION = YES;
				CLANG_WARN_DEPRECATED_OBJC_IMPLEMENTATIONS = YES;
				CLANG_WARN_DIRECT_OBJC_ISA_USAGE = YES_ERROR;
				CLANG_WARN_DOCUMENTATION_COMMENTS = YES;
				CLANG_WARN_EMPTY_BODY = YES;
				CLANG_WARN_ENUM_CONVERSION = YES;
				CLANG_WARN_INFINITE_RECURSION = YES;
				CLANG_WARN_INT_CONVERSION = YES;
				CLANG_WARN_NON_LITERAL_NULL_CONVERSION = YES;
				CLANG_WARN_OBJC_IMPLICIT_RETAIN_SELF = YES;
				CLANG_WARN_OBJC_LITERAL_CONVERSION = YES;
				CLANG_WARN_OBJC_ROOT_CLASS = YES_ERROR;
				CLANG_WARN_QUOTED_INCLUDE_IN_FRAMEWORK_HEADER = YES;
				CLANG_WARN_RANGE_LOOP_ANALYSIS = YES;
				CLANG_WARN_STRICT_PROTOTYPES = YES;
				CLANG_WARN_SUSPICIOUS_MOVE = YES;
				CLANG_WARN_UNGUARDED_AVAILABILITY = YES_AGGRESSIVE;
				CLANG_WARN_UNREACHABLE_CODE = YES;
				CLANG_WARN__DUPLICATE_METHOD_MATCH = YES;
				COPY_PHASE_STRIP = NO;
				DEBUG_INFORMATION_FORMAT = "dwarf-with-dsym";
				ENABLE_NS_ASSERTIONS = NO;
				ENABLE_STRICT_OBJC_MSGSEND = YES;
				ENABLE_USER_SCRIPT_SANDBOXING = YES;
				GCC_C_LANGUAGE_STANDARD = gnu17;
				GCC_NO_COMMON_BLOCKS = YES;
				GCC_WARN_64_TO_32_BIT_CONVERSION = YES;
				GCC_WARN_ABOUT_RETURN_TYPE = YES_ERROR;
				GCC_WARN_UNDECLARED_SELECTOR = YES;
				GCC_WARN_UNINITIALIZED_AUTOS = YES_AGGRESSIVE;
				GCC_WARN_UNUSED_FUNCTION = YES;
				GCC_WARN_UNUSED_VARIABLE = YES;
				IPHONEOS_DEPLOYMENT_TARGET = 18.4;
				LOCALIZATION_PREFERS_STRING_CATALOGS = YES;
				MTL_ENABLE_DEBUG_INFO = NO;
				MTL_FAST_MATH = YES;
				SDKROOT = iphoneos;
				SWIFT_COMPILATION_MODE = wholemodule;
				VALIDATE_PRODUCT = YES;
			};
			name = Release;
		};
/* End XCBuildConfiguration section */

/* Begin XCConfigurationList section */
		331424772DD79DC200EBDBDB /* Build configuration list for PBXProject "36-SOPKATHON-iOS-TEAM-3" */ = {
			isa = XCConfigurationList;
			buildConfigurations = (
				331424922DD79DC500EBDBDB /* Debug */,
				331424932DD79DC500EBDBDB /* Release */,
			);
			defaultConfigurationIsVisible = 0;
			defaultConfigurationName = Release;
		};
		3314248F2DD79DC500EBDBDB /* Build configuration list for PBXNativeTarget "36-SOPKATHON-iOS-TEAM-3" */ = {
			isa = XCConfigurationList;
			buildConfigurations = (
				331424902DD79DC500EBDBDB /* Debug */,
				331424912DD79DC500EBDBDB /* Release */,
			);
			defaultConfigurationIsVisible = 0;
			defaultConfigurationName = Release;
		};
/* End XCConfigurationList section */

/* Begin XCRemoteSwiftPackageReference section */
		33D382AE2DD81EC700F04C42 /* XCRemoteSwiftPackageReference "SnapKit" */ = {
			isa = XCRemoteSwiftPackageReference;
			repositoryURL = "https://github.com/SnapKit/SnapKit";
			requirement = {
				kind = upToNextMajorVersion;
				minimumVersion = 5.7.1;
			};
		};
		33D382B12DD81ED300F04C42 /* XCRemoteSwiftPackageReference "Then" */ = {
			isa = XCRemoteSwiftPackageReference;
			repositoryURL = "https://github.com/devxoul/Then.git";
			requirement = {
				kind = upToNextMajorVersion;
				minimumVersion = 3.0.0;
			};
		};
		E5B8BEF62DD8C61500C6164C /* XCRemoteSwiftPackageReference "Moya" */ = {
			isa = XCRemoteSwiftPackageReference;
			repositoryURL = "https://github.com/Moya/Moya";
			requirement = {
				kind = upToNextMajorVersion;
				minimumVersion = 15.0.3;
			};
		};
/* End XCRemoteSwiftPackageReference section */

/* Begin XCSwiftPackageProductDependency section */
		33D382AF2DD81EC700F04C42 /* SnapKit */ = {
			isa = XCSwiftPackageProductDependency;
			package = 33D382AE2DD81EC700F04C42 /* XCRemoteSwiftPackageReference "SnapKit" */;
			productName = SnapKit;
		};
		33D382B22DD81ED300F04C42 /* Then */ = {
			isa = XCSwiftPackageProductDependency;
			package = 33D382B12DD81ED300F04C42 /* XCRemoteSwiftPackageReference "Then" */;
			productName = Then;
		};
		E5B8BEF72DD8C61500C6164C /* Moya */ = {
			isa = XCSwiftPackageProductDependency;
			package = E5B8BEF62DD8C61500C6164C /* XCRemoteSwiftPackageReference "Moya" */;
			productName = Moya;
		};
/* End XCSwiftPackageProductDependency section */
	};
	rootObject = 331424742DD79DC200EBDBDB /* Project object */;
}
